
Microsoft Visual Studio Solution File, Format Version 12.00
# Visual Studio Version 17
VisualStudioVersion = 17.5.002.0
MinimumVisualStudioVersion = 10.0.40219.1
Project("{9A19103F-16F7-4668-BE54-9A1E7A4F7556}") = "api", "api\api.csproj", "{8108CADA-CC05-4006-971B-89AB5D85807C}"
EndProject
Global
	GlobalSection(SolutionConfigurationPlatforms) = preSolution
		Debug|Any CPU = Debug|Any CPU
		Release|Any CPU = Release|Any CPU
	EndGlobalSection
	GlobalSection(ProjectConfigurationPlatforms) = postSolution
		{8108CADA-CC05-4006-971B-89AB5D85807C}.Debug|Any CPU.ActiveCfg = Debug|Any CPU
		{8108CADA-CC05-4006-971B-89AB5D85807C}.Debug|Any CPU.Build.0 = Debug|Any CPU
		{8108CADA-CC05-4006-971B-89AB5D85807C}.Release|Any CPU.ActiveCfg = Release|Any CPU
		{8108CADA-CC05-4006-971B-89AB5D85807C}.Release|Any CPU.Build.0 = Release|Any CPU
	EndGlobalSection
	GlobalSection(SolutionProperties) = preSolution
		HideSolutionNode = FALSE
	EndGlobalSection
	GlobalSection(ExtensibilityGlobals) = postSolution
		SolutionGuid = {001E23DA-9396-486E-B319-8B1D6687D327}
	EndGlobalSection
EndGlobal
